
Microsoft Visual Studio Solution File, Format Version 12.00
# Visual Studio Version 16
VisualStudioVersion = 16.0.30114.105
MinimumVisualStudioVersion = 10.0.40219.1
Project("{D954291E-2A0B-460D-934E-DC6B0785DB48}") = "UnoSampleUI.Shared", "UnoSampleUI\UnoSampleUI.Shared\UnoSampleUI.Shared.shproj", "{6279C845-92F8-4333-AB99-3D213163593C}"
EndProject
Project("{FAE04EC0-301F-11D3-BF4B-00C04F79EFBC}") = "UnoSampleUI.Droid", "UnoSampleUI\UnoSampleUI.Droid\UnoSampleUI.Droid.csproj", "{DEC7408A-E863-4D7D-A8F1-24C51D64FFBB}"
EndProject
Project("{FAE04EC0-301F-11D3-BF4B-00C04F79EFBC}") = "UnoSampleUI.iOS", "UnoSampleUI\UnoSampleUI.iOS\UnoSampleUI.iOS.csproj", "{B4796D68-865C-40FC-939C-42E551A45D4C}"
EndProject
Project("{FAE04EC0-301F-11D3-BF4B-00C04F79EFBC}") = "UnoSampleUI.UWP", "UnoSampleUI\UnoSampleUI.UWP\UnoSampleUI.UWP.csproj", "{63714F9B-E051-4B11-81DE-19F4A08408F5}"
EndProject
Project("{FAE04EC0-301F-11D3-BF4B-00C04F79EFBC}") = "UnoSampleUI.Wasm", "UnoSampleUI\UnoSampleUI.Wasm\UnoSampleUI.Wasm.csproj", "{BB56872E-2E05-47C2-A5C8-73E109E69C4F}"
EndProject
Project("{FAE04EC0-301F-11D3-BF4B-00C04F79EFBC}") = "UnoSampleUI.macOS", "UnoSampleUI\UnoSampleUI.macOS\UnoSampleUI.macOS.csproj", "{F764D242-01B7-4239-9B4D-117288D4DAA0}"
EndProject
Global
	GlobalSection(SharedMSBuildProjectFiles) = preSolution
		UnoSampleUI\UnoSampleUI.Shared\UnoSampleUI.Shared.projitems*{6279c845-92f8-4333-ab99-3d213163593c}*SharedItemsImports = 13
		UnoSampleUI\UnoSampleUI.Shared\UnoSampleUI.Shared.projitems*{63714f9b-e051-4b11-81de-19f4a08408f5}*SharedItemsImports = 4
		UnoSampleUI\UnoSampleUI.Shared\UnoSampleUI.Shared.projitems*{b4796d68-865c-40fc-939c-42e551a45d4c}*SharedItemsImports = 4
		UnoSampleUI\UnoSampleUI.Shared\UnoSampleUI.Shared.projitems*{bb56872e-2e05-47c2-a5c8-73e109e69c4f}*SharedItemsImports = 5
		UnoSampleUI\UnoSampleUI.Shared\UnoSampleUI.Shared.projitems*{dec7408a-e863-4d7d-a8f1-24c51d64ffbb}*SharedItemsImports = 4
		UnoSampleUI\UnoSampleUI.Shared\UnoSampleUI.Shared.projitems*{f764d242-01b7-4239-9b4d-117288d4daa0}*SharedItemsImports = 4
	EndGlobalSection
	GlobalSection(SolutionConfigurationPlatforms) = preSolution
		Ad-Hoc|Any CPU = Ad-Hoc|Any CPU
		Ad-Hoc|ARM = Ad-Hoc|ARM
		Ad-Hoc|ARM64 = Ad-Hoc|ARM64
		Ad-Hoc|iPhone = Ad-Hoc|iPhone
		Ad-Hoc|iPhoneSimulator = Ad-Hoc|iPhoneSimulator
		Ad-Hoc|x64 = Ad-Hoc|x64
		Ad-Hoc|x86 = Ad-Hoc|x86
		AppStore|Any CPU = AppStore|Any CPU
		AppStore|ARM = AppStore|ARM
		AppStore|ARM64 = AppStore|ARM64
		AppStore|iPhone = AppStore|iPhone
		AppStore|iPhoneSimulator = AppStore|iPhoneSimulator
		AppStore|x64 = AppStore|x64
		AppStore|x86 = AppStore|x86
		Debug|Any CPU = Debug|Any CPU
		Debug|ARM = Debug|ARM
		Debug|ARM64 = Debug|ARM64
		Debug|iPhone = Debug|iPhone
		Debug|iPhoneSimulator = Debug|iPhoneSimulator
		Debug|x64 = Debug|x64
		Debug|x86 = Debug|x86
		Release|Any CPU = Release|Any CPU
		Release|ARM = Release|ARM
		Release|ARM64 = Release|ARM64
		Release|iPhone = Release|iPhone
		Release|iPhoneSimulator = Release|iPhoneSimulator
		Release|x64 = Release|x64
		Release|x86 = Release|x86
	EndGlobalSection
	GlobalSection(ProjectConfigurationPlatforms) = postSolution
		{DEC7408A-E863-4D7D-A8F1-24C51D64FFBB}.Ad-Hoc|Any CPU.ActiveCfg = Release|Any CPU
		{DEC7408A-E863-4D7D-A8F1-24C51D64FFBB}.Ad-Hoc|Any CPU.Build.0 = Release|Any CPU
		{DEC7408A-E863-4D7D-A8F1-24C51D64FFBB}.Ad-Hoc|Any CPU.Deploy.0 = Release|Any CPU
		{DEC7408A-E863-4D7D-A8F1-24C51D64FFBB}.Ad-Hoc|ARM.ActiveCfg = Release|Any CPU
		{DEC7408A-E863-4D7D-A8F1-24C51D64FFBB}.Ad-Hoc|ARM.Build.0 = Release|Any CPU
		{DEC7408A-E863-4D7D-A8F1-24C51D64FFBB}.Ad-Hoc|ARM.Deploy.0 = Release|Any CPU
		{DEC7408A-E863-4D7D-A8F1-24C51D64FFBB}.Ad-Hoc|ARM64.ActiveCfg = Release|Any CPU
		{DEC7408A-E863-4D7D-A8F1-24C51D64FFBB}.Ad-Hoc|ARM64.Build.0 = Release|Any CPU
		{DEC7408A-E863-4D7D-A8F1-24C51D64FFBB}.Ad-Hoc|ARM64.Deploy.0 = Release|Any CPU
		{DEC7408A-E863-4D7D-A8F1-24C51D64FFBB}.Ad-Hoc|iPhone.ActiveCfg = Release|Any CPU
		{DEC7408A-E863-4D7D-A8F1-24C51D64FFBB}.Ad-Hoc|iPhone.Build.0 = Release|Any CPU
		{DEC7408A-E863-4D7D-A8F1-24C51D64FFBB}.Ad-Hoc|iPhone.Deploy.0 = Release|Any CPU
		{DEC7408A-E863-4D7D-A8F1-24C51D64FFBB}.Ad-Hoc|iPhoneSimulator.ActiveCfg = Release|Any CPU
		{DEC7408A-E863-4D7D-A8F1-24C51D64FFBB}.Ad-Hoc|iPhoneSimulator.Build.0 = Release|Any CPU
		{DEC7408A-E863-4D7D-A8F1-24C51D64FFBB}.Ad-Hoc|iPhoneSimulator.Deploy.0 = Release|Any CPU
		{DEC7408A-E863-4D7D-A8F1-24C51D64FFBB}.Ad-Hoc|x64.ActiveCfg = Release|Any CPU
		{DEC7408A-E863-4D7D-A8F1-24C51D64FFBB}.Ad-Hoc|x64.Build.0 = Release|Any CPU
		{DEC7408A-E863-4D7D-A8F1-24C51D64FFBB}.Ad-Hoc|x64.Deploy.0 = Release|Any CPU
		{DEC7408A-E863-4D7D-A8F1-24C51D64FFBB}.Ad-Hoc|x86.ActiveCfg = Release|Any CPU
		{DEC7408A-E863-4D7D-A8F1-24C51D64FFBB}.Ad-Hoc|x86.Build.0 = Release|Any CPU
		{DEC7408A-E863-4D7D-A8F1-24C51D64FFBB}.Ad-Hoc|x86.Deploy.0 = Release|Any CPU
		{DEC7408A-E863-4D7D-A8F1-24C51D64FFBB}.AppStore|Any CPU.ActiveCfg = Release|Any CPU
		{DEC7408A-E863-4D7D-A8F1-24C51D64FFBB}.AppStore|Any CPU.Build.0 = Release|Any CPU
		{DEC7408A-E863-4D7D-A8F1-24C51D64FFBB}.AppStore|Any CPU.Deploy.0 = Release|Any CPU
		{DEC7408A-E863-4D7D-A8F1-24C51D64FFBB}.AppStore|ARM.ActiveCfg = Release|Any CPU
		{DEC7408A-E863-4D7D-A8F1-24C51D64FFBB}.AppStore|ARM.Build.0 = Release|Any CPU
		{DEC7408A-E863-4D7D-A8F1-24C51D64FFBB}.AppStore|ARM.Deploy.0 = Release|Any CPU
		{DEC7408A-E863-4D7D-A8F1-24C51D64FFBB}.AppStore|ARM64.ActiveCfg = Release|Any CPU
		{DEC7408A-E863-4D7D-A8F1-24C51D64FFBB}.AppStore|ARM64.Build.0 = Release|Any CPU
		{DEC7408A-E863-4D7D-A8F1-24C51D64FFBB}.AppStore|ARM64.Deploy.0 = Release|Any CPU
		{DEC7408A-E863-4D7D-A8F1-24C51D64FFBB}.AppStore|iPhone.ActiveCfg = Release|Any CPU
		{DEC7408A-E863-4D7D-A8F1-24C51D64FFBB}.AppStore|iPhone.Build.0 = Release|Any CPU
		{DEC7408A-E863-4D7D-A8F1-24C51D64FFBB}.AppStore|iPhone.Deploy.0 = Release|Any CPU
		{DEC7408A-E863-4D7D-A8F1-24C51D64FFBB}.AppStore|iPhoneSimulator.ActiveCfg = Release|Any CPU
		{DEC7408A-E863-4D7D-A8F1-24C51D64FFBB}.AppStore|iPhoneSimulator.Build.0 = Release|Any CPU
		{DEC7408A-E863-4D7D-A8F1-24C51D64FFBB}.AppStore|iPhoneSimulator.Deploy.0 = Release|Any CPU
		{DEC7408A-E863-4D7D-A8F1-24C51D64FFBB}.AppStore|x64.ActiveCfg = Release|Any CPU
		{DEC7408A-E863-4D7D-A8F1-24C51D64FFBB}.AppStore|x64.Build.0 = Release|Any CPU
		{DEC7408A-E863-4D7D-A8F1-24C51D64FFBB}.AppStore|x64.Deploy.0 = Release|Any CPU
		{DEC7408A-E863-4D7D-A8F1-24C51D64FFBB}.AppStore|x86.ActiveCfg = Release|Any CPU
		{DEC7408A-E863-4D7D-A8F1-24C51D64FFBB}.AppStore|x86.Build.0 = Release|Any CPU
		{DEC7408A-E863-4D7D-A8F1-24C51D64FFBB}.AppStore|x86.Deploy.0 = Release|Any CPU
		{DEC7408A-E863-4D7D-A8F1-24C51D64FFBB}.Debug|Any CPU.ActiveCfg = Debug|Any CPU
		{DEC7408A-E863-4D7D-A8F1-24C51D64FFBB}.Debug|Any CPU.Build.0 = Debug|Any CPU
		{DEC7408A-E863-4D7D-A8F1-24C51D64FFBB}.Debug|Any CPU.Deploy.0 = Debug|Any CPU
		{DEC7408A-E863-4D7D-A8F1-24C51D64FFBB}.Debug|ARM.ActiveCfg = Debug|Any CPU
		{DEC7408A-E863-4D7D-A8F1-24C51D64FFBB}.Debug|ARM.Build.0 = Debug|Any CPU
		{DEC7408A-E863-4D7D-A8F1-24C51D64FFBB}.Debug|ARM.Deploy.0 = Debug|Any CPU
		{DEC7408A-E863-4D7D-A8F1-24C51D64FFBB}.Debug|ARM64.ActiveCfg = Debug|Any CPU
		{DEC7408A-E863-4D7D-A8F1-24C51D64FFBB}.Debug|ARM64.Build.0 = Debug|Any CPU
		{DEC7408A-E863-4D7D-A8F1-24C51D64FFBB}.Debug|ARM64.Deploy.0 = Debug|Any CPU
		{DEC7408A-E863-4D7D-A8F1-24C51D64FFBB}.Debug|iPhone.ActiveCfg = Debug|Any CPU
		{DEC7408A-E863-4D7D-A8F1-24C51D64FFBB}.Debug|iPhone.Build.0 = Debug|Any CPU
		{DEC7408A-E863-4D7D-A8F1-24C51D64FFBB}.Debug|iPhone.Deploy.0 = Debug|Any CPU
		{DEC7408A-E863-4D7D-A8F1-24C51D64FFBB}.Debug|iPhoneSimulator.ActiveCfg = Debug|Any CPU
		{DEC7408A-E863-4D7D-A8F1-24C51D64FFBB}.Debug|iPhoneSimulator.Build.0 = Debug|Any CPU
		{DEC7408A-E863-4D7D-A8F1-24C51D64FFBB}.Debug|iPhoneSimulator.Deploy.0 = Debug|Any CPU
		{DEC7408A-E863-4D7D-A8F1-24C51D64FFBB}.Debug|x64.ActiveCfg = Debug|Any CPU
		{DEC7408A-E863-4D7D-A8F1-24C51D64FFBB}.Debug|x64.Build.0 = Debug|Any CPU
		{DEC7408A-E863-4D7D-A8F1-24C51D64FFBB}.Debug|x64.Deploy.0 = Debug|Any CPU
		{DEC7408A-E863-4D7D-A8F1-24C51D64FFBB}.Debug|x86.ActiveCfg = Debug|Any CPU
		{DEC7408A-E863-4D7D-A8F1-24C51D64FFBB}.Debug|x86.Build.0 = Debug|Any CPU
		{DEC7408A-E863-4D7D-A8F1-24C51D64FFBB}.Debug|x86.Deploy.0 = Debug|Any CPU
		{DEC7408A-E863-4D7D-A8F1-24C51D64FFBB}.Release|Any CPU.ActiveCfg = Release|Any CPU
		{DEC7408A-E863-4D7D-A8F1-24C51D64FFBB}.Release|Any CPU.Build.0 = Release|Any CPU
		{DEC7408A-E863-4D7D-A8F1-24C51D64FFBB}.Release|Any CPU.Deploy.0 = Release|Any CPU
		{DEC7408A-E863-4D7D-A8F1-24C51D64FFBB}.Release|ARM.ActiveCfg = Release|Any CPU
		{DEC7408A-E863-4D7D-A8F1-24C51D64FFBB}.Release|ARM.Build.0 = Release|Any CPU
		{DEC7408A-E863-4D7D-A8F1-24C51D64FFBB}.Release|ARM.Deploy.0 = Release|Any CPU
		{DEC7408A-E863-4D7D-A8F1-24C51D64FFBB}.Release|ARM64.ActiveCfg = Release|Any CPU
		{DEC7408A-E863-4D7D-A8F1-24C51D64FFBB}.Release|ARM64.Build.0 = Release|Any CPU
		{DEC7408A-E863-4D7D-A8F1-24C51D64FFBB}.Release|ARM64.Deploy.0 = Release|Any CPU
		{DEC7408A-E863-4D7D-A8F1-24C51D64FFBB}.Release|iPhone.ActiveCfg = Release|Any CPU
		{DEC7408A-E863-4D7D-A8F1-24C51D64FFBB}.Release|iPhone.Build.0 = Release|Any CPU
		{DEC7408A-E863-4D7D-A8F1-24C51D64FFBB}.Release|iPhone.Deploy.0 = Release|Any CPU
		{DEC7408A-E863-4D7D-A8F1-24C51D64FFBB}.Release|iPhoneSimulator.ActiveCfg = Release|Any CPU
		{DEC7408A-E863-4D7D-A8F1-24C51D64FFBB}.Release|iPhoneSimulator.Build.0 = Release|Any CPU
		{DEC7408A-E863-4D7D-A8F1-24C51D64FFBB}.Release|iPhoneSimulator.Deploy.0 = Release|Any CPU
		{DEC7408A-E863-4D7D-A8F1-24C51D64FFBB}.Release|x64.ActiveCfg = Release|Any CPU
		{DEC7408A-E863-4D7D-A8F1-24C51D64FFBB}.Release|x64.Build.0 = Release|Any CPU
		{DEC7408A-E863-4D7D-A8F1-24C51D64FFBB}.Release|x64.Deploy.0 = Release|Any CPU
		{DEC7408A-E863-4D7D-A8F1-24C51D64FFBB}.Release|x86.ActiveCfg = Release|Any CPU
		{DEC7408A-E863-4D7D-A8F1-24C51D64FFBB}.Release|x86.Build.0 = Release|Any CPU
		{DEC7408A-E863-4D7D-A8F1-24C51D64FFBB}.Release|x86.Deploy.0 = Release|Any CPU
		{B4796D68-865C-40FC-939C-42E551A45D4C}.Ad-Hoc|Any CPU.ActiveCfg = Ad-Hoc|iPhone
		{B4796D68-865C-40FC-939C-42E551A45D4C}.Ad-Hoc|ARM.ActiveCfg = Ad-Hoc|iPhone
		{B4796D68-865C-40FC-939C-42E551A45D4C}.Ad-Hoc|ARM64.ActiveCfg = Ad-Hoc|iPhone
		{B4796D68-865C-40FC-939C-42E551A45D4C}.Ad-Hoc|iPhone.ActiveCfg = Ad-Hoc|iPhone
		{B4796D68-865C-40FC-939C-42E551A45D4C}.Ad-Hoc|iPhone.Build.0 = Ad-Hoc|iPhone
		{B4796D68-865C-40FC-939C-42E551A45D4C}.Ad-Hoc|iPhoneSimulator.ActiveCfg = Ad-Hoc|iPhoneSimulator
		{B4796D68-865C-40FC-939C-42E551A45D4C}.Ad-Hoc|iPhoneSimulator.Build.0 = Ad-Hoc|iPhoneSimulator
		{B4796D68-865C-40FC-939C-42E551A45D4C}.Ad-Hoc|x64.ActiveCfg = Ad-Hoc|iPhone
		{B4796D68-865C-40FC-939C-42E551A45D4C}.Ad-Hoc|x86.ActiveCfg = Ad-Hoc|iPhone
		{B4796D68-865C-40FC-939C-42E551A45D4C}.AppStore|Any CPU.ActiveCfg = AppStore|iPhone
		{B4796D68-865C-40FC-939C-42E551A45D4C}.AppStore|ARM.ActiveCfg = AppStore|iPhone
		{B4796D68-865C-40FC-939C-42E551A45D4C}.AppStore|ARM64.ActiveCfg = AppStore|iPhone
		{B4796D68-865C-40FC-939C-42E551A45D4C}.AppStore|iPhone.ActiveCfg = AppStore|iPhone
		{B4796D68-865C-40FC-939C-42E551A45D4C}.AppStore|iPhone.Build.0 = AppStore|iPhone
		{B4796D68-865C-40FC-939C-42E551A45D4C}.AppStore|iPhoneSimulator.ActiveCfg = AppStore|iPhoneSimulator
		{B4796D68-865C-40FC-939C-42E551A45D4C}.AppStore|iPhoneSimulator.Build.0 = AppStore|iPhoneSimulator
		{B4796D68-865C-40FC-939C-42E551A45D4C}.AppStore|x64.ActiveCfg = AppStore|iPhone
		{B4796D68-865C-40FC-939C-42E551A45D4C}.AppStore|x86.ActiveCfg = AppStore|iPhone
		{B4796D68-865C-40FC-939C-42E551A45D4C}.Debug|Any CPU.ActiveCfg = Debug|iPhone
		{B4796D68-865C-40FC-939C-42E551A45D4C}.Debug|ARM.ActiveCfg = Debug|iPhone
		{B4796D68-865C-40FC-939C-42E551A45D4C}.Debug|ARM64.ActiveCfg = Debug|iPhone
		{B4796D68-865C-40FC-939C-42E551A45D4C}.Debug|iPhone.ActiveCfg = Debug|iPhone
		{B4796D68-865C-40FC-939C-42E551A45D4C}.Debug|iPhone.Build.0 = Debug|iPhone
		{B4796D68-865C-40FC-939C-42E551A45D4C}.Debug|iPhoneSimulator.ActiveCfg = Debug|iPhoneSimulator
		{B4796D68-865C-40FC-939C-42E551A45D4C}.Debug|iPhoneSimulator.Build.0 = Debug|iPhoneSimulator
		{B4796D68-865C-40FC-939C-42E551A45D4C}.Debug|x64.ActiveCfg = Debug|iPhone
		{B4796D68-865C-40FC-939C-42E551A45D4C}.Debug|x86.ActiveCfg = Debug|iPhone
		{B4796D68-865C-40FC-939C-42E551A45D4C}.Release|Any CPU.ActiveCfg = Release|iPhone
		{B4796D68-865C-40FC-939C-42E551A45D4C}.Release|ARM.ActiveCfg = Release|iPhone
		{B4796D68-865C-40FC-939C-42E551A45D4C}.Release|ARM64.ActiveCfg = Release|iPhone
		{B4796D68-865C-40FC-939C-42E551A45D4C}.Release|iPhone.ActiveCfg = Release|iPhone
		{B4796D68-865C-40FC-939C-42E551A45D4C}.Release|iPhone.Build.0 = Release|iPhone
		{B4796D68-865C-40FC-939C-42E551A45D4C}.Release|iPhoneSimulator.ActiveCfg = Release|iPhoneSimulator
		{B4796D68-865C-40FC-939C-42E551A45D4C}.Release|iPhoneSimulator.Build.0 = Release|iPhoneSimulator
		{B4796D68-865C-40FC-939C-42E551A45D4C}.Release|x64.ActiveCfg = Release|iPhone
		{B4796D68-865C-40FC-939C-42E551A45D4C}.Release|x86.ActiveCfg = Release|iPhone
		{63714F9B-E051-4B11-81DE-19F4A08408F5}.Ad-Hoc|Any CPU.ActiveCfg = Release|x64
		{63714F9B-E051-4B11-81DE-19F4A08408F5}.Ad-Hoc|Any CPU.Build.0 = Release|x64
		{63714F9B-E051-4B11-81DE-19F4A08408F5}.Ad-Hoc|Any CPU.Deploy.0 = Release|x64
		{63714F9B-E051-4B11-81DE-19F4A08408F5}.Ad-Hoc|ARM.ActiveCfg = Release|ARM
		{63714F9B-E051-4B11-81DE-19F4A08408F5}.Ad-Hoc|ARM.Build.0 = Release|ARM
		{63714F9B-E051-4B11-81DE-19F4A08408F5}.Ad-Hoc|ARM.Deploy.0 = Release|ARM
		{63714F9B-E051-4B11-81DE-19F4A08408F5}.Ad-Hoc|ARM64.ActiveCfg = Release|ARM64
		{63714F9B-E051-4B11-81DE-19F4A08408F5}.Ad-Hoc|ARM64.Build.0 = Release|ARM64
		{63714F9B-E051-4B11-81DE-19F4A08408F5}.Ad-Hoc|ARM64.Deploy.0 = Release|ARM64
		{63714F9B-E051-4B11-81DE-19F4A08408F5}.Ad-Hoc|iPhone.ActiveCfg = Release|x64
		{63714F9B-E051-4B11-81DE-19F4A08408F5}.Ad-Hoc|iPhone.Build.0 = Release|x64
		{63714F9B-E051-4B11-81DE-19F4A08408F5}.Ad-Hoc|iPhone.Deploy.0 = Release|x64
		{63714F9B-E051-4B11-81DE-19F4A08408F5}.Ad-Hoc|iPhoneSimulator.ActiveCfg = Release|x64
		{63714F9B-E051-4B11-81DE-19F4A08408F5}.Ad-Hoc|iPhoneSimulator.Build.0 = Release|x64
		{63714F9B-E051-4B11-81DE-19F4A08408F5}.Ad-Hoc|iPhoneSimulator.Deploy.0 = Release|x64
		{63714F9B-E051-4B11-81DE-19F4A08408F5}.Ad-Hoc|x64.ActiveCfg = Release|x64
		{63714F9B-E051-4B11-81DE-19F4A08408F5}.Ad-Hoc|x64.Build.0 = Release|x64
		{63714F9B-E051-4B11-81DE-19F4A08408F5}.Ad-Hoc|x64.Deploy.0 = Release|x64
		{63714F9B-E051-4B11-81DE-19F4A08408F5}.Ad-Hoc|x86.ActiveCfg = Release|x86
		{63714F9B-E051-4B11-81DE-19F4A08408F5}.Ad-Hoc|x86.Build.0 = Release|x86
		{63714F9B-E051-4B11-81DE-19F4A08408F5}.Ad-Hoc|x86.Deploy.0 = Release|x86
		{63714F9B-E051-4B11-81DE-19F4A08408F5}.AppStore|Any CPU.ActiveCfg = Release|x64
		{63714F9B-E051-4B11-81DE-19F4A08408F5}.AppStore|Any CPU.Build.0 = Release|x64
		{63714F9B-E051-4B11-81DE-19F4A08408F5}.AppStore|Any CPU.Deploy.0 = Release|x64
		{63714F9B-E051-4B11-81DE-19F4A08408F5}.AppStore|ARM.ActiveCfg = Release|ARM
		{63714F9B-E051-4B11-81DE-19F4A08408F5}.AppStore|ARM.Build.0 = Release|ARM
		{63714F9B-E051-4B11-81DE-19F4A08408F5}.AppStore|ARM.Deploy.0 = Release|ARM
		{63714F9B-E051-4B11-81DE-19F4A08408F5}.AppStore|ARM64.ActiveCfg = Release|ARM64
		{63714F9B-E051-4B11-81DE-19F4A08408F5}.AppStore|ARM64.Build.0 = Release|ARM64
		{63714F9B-E051-4B11-81DE-19F4A08408F5}.AppStore|ARM64.Deploy.0 = Release|ARM64
		{63714F9B-E051-4B11-81DE-19F4A08408F5}.AppStore|iPhone.ActiveCfg = Release|x64
		{63714F9B-E051-4B11-81DE-19F4A08408F5}.AppStore|iPhone.Build.0 = Release|x64
		{63714F9B-E051-4B11-81DE-19F4A08408F5}.AppStore|iPhone.Deploy.0 = Release|x64
		{63714F9B-E051-4B11-81DE-19F4A08408F5}.AppStore|iPhoneSimulator.ActiveCfg = Release|x64
		{63714F9B-E051-4B11-81DE-19F4A08408F5}.AppStore|iPhoneSimulator.Build.0 = Release|x64
		{63714F9B-E051-4B11-81DE-19F4A08408F5}.AppStore|iPhoneSimulator.Deploy.0 = Release|x64
		{63714F9B-E051-4B11-81DE-19F4A08408F5}.AppStore|x64.ActiveCfg = Release|x64
		{63714F9B-E051-4B11-81DE-19F4A08408F5}.AppStore|x64.Build.0 = Release|x64
		{63714F9B-E051-4B11-81DE-19F4A08408F5}.AppStore|x64.Deploy.0 = Release|x64
		{63714F9B-E051-4B11-81DE-19F4A08408F5}.AppStore|x86.ActiveCfg = Release|x86
		{63714F9B-E051-4B11-81DE-19F4A08408F5}.AppStore|x86.Build.0 = Release|x86
		{63714F9B-E051-4B11-81DE-19F4A08408F5}.AppStore|x86.Deploy.0 = Release|x86
		{63714F9B-E051-4B11-81DE-19F4A08408F5}.Debug|Any CPU.ActiveCfg = Debug|x86
		{63714F9B-E051-4B11-81DE-19F4A08408F5}.Debug|ARM.ActiveCfg = Debug|ARM
		{63714F9B-E051-4B11-81DE-19F4A08408F5}.Debug|ARM.Build.0 = Debug|ARM
		{63714F9B-E051-4B11-81DE-19F4A08408F5}.Debug|ARM.Deploy.0 = Debug|ARM
		{63714F9B-E051-4B11-81DE-19F4A08408F5}.Debug|ARM64.ActiveCfg = Debug|ARM64
		{63714F9B-E051-4B11-81DE-19F4A08408F5}.Debug|ARM64.Build.0 = Debug|ARM64
		{63714F9B-E051-4B11-81DE-19F4A08408F5}.Debug|ARM64.Deploy.0 = Debug|ARM64
		{63714F9B-E051-4B11-81DE-19F4A08408F5}.Debug|iPhone.ActiveCfg = Debug|x86
		{63714F9B-E051-4B11-81DE-19F4A08408F5}.Debug|iPhoneSimulator.ActiveCfg = Debug|x86
		{63714F9B-E051-4B11-81DE-19F4A08408F5}.Debug|x64.ActiveCfg = Debug|x64
		{63714F9B-E051-4B11-81DE-19F4A08408F5}.Debug|x64.Build.0 = Debug|x64
		{63714F9B-E051-4B11-81DE-19F4A08408F5}.Debug|x64.Deploy.0 = Debug|x64
		{63714F9B-E051-4B11-81DE-19F4A08408F5}.Debug|x86.ActiveCfg = Debug|x86
		{63714F9B-E051-4B11-81DE-19F4A08408F5}.Debug|x86.Build.0 = Debug|x86
		{63714F9B-E051-4B11-81DE-19F4A08408F5}.Debug|x86.Deploy.0 = Debug|x86
		{63714F9B-E051-4B11-81DE-19F4A08408F5}.Release|Any CPU.ActiveCfg = Release|x86
		{63714F9B-E051-4B11-81DE-19F4A08408F5}.Release|ARM.ActiveCfg = Release|ARM
		{63714F9B-E051-4B11-81DE-19F4A08408F5}.Release|ARM.Build.0 = Release|ARM
		{63714F9B-E051-4B11-81DE-19F4A08408F5}.Release|ARM.Deploy.0 = Release|ARM
		{63714F9B-E051-4B11-81DE-19F4A08408F5}.Release|ARM64.ActiveCfg = Release|ARM64
		{63714F9B-E051-4B11-81DE-19F4A08408F5}.Release|ARM64.Build.0 = Release|ARM64
		{63714F9B-E051-4B11-81DE-19F4A08408F5}.Release|ARM64.Deploy.0 = Release|ARM64
		{63714F9B-E051-4B11-81DE-19F4A08408F5}.Release|iPhone.ActiveCfg = Release|x86
		{63714F9B-E051-4B11-81DE-19F4A08408F5}.Release|iPhoneSimulator.ActiveCfg = Release|x86
		{63714F9B-E051-4B11-81DE-19F4A08408F5}.Release|x64.ActiveCfg = Release|x64
		{63714F9B-E051-4B11-81DE-19F4A08408F5}.Release|x64.Build.0 = Release|x64
		{63714F9B-E051-4B11-81DE-19F4A08408F5}.Release|x64.Deploy.0 = Release|x64
		{63714F9B-E051-4B11-81DE-19F4A08408F5}.Release|x86.ActiveCfg = Release|x86
		{63714F9B-E051-4B11-81DE-19F4A08408F5}.Release|x86.Build.0 = Release|x86
		{63714F9B-E051-4B11-81DE-19F4A08408F5}.Release|x86.Deploy.0 = Release|x86
		{BB56872E-2E05-47C2-A5C8-73E109E69C4F}.Ad-Hoc|Any CPU.ActiveCfg = Debug|Any CPU
		{BB56872E-2E05-47C2-A5C8-73E109E69C4F}.Ad-Hoc|Any CPU.Build.0 = Debug|Any CPU
		{BB56872E-2E05-47C2-A5C8-73E109E69C4F}.Ad-Hoc|ARM.ActiveCfg = Debug|Any CPU
		{BB56872E-2E05-47C2-A5C8-73E109E69C4F}.Ad-Hoc|ARM.Build.0 = Debug|Any CPU
		{BB56872E-2E05-47C2-A5C8-73E109E69C4F}.Ad-Hoc|ARM64.ActiveCfg = Debug|Any CPU
		{BB56872E-2E05-47C2-A5C8-73E109E69C4F}.Ad-Hoc|ARM64.Build.0 = Debug|Any CPU
		{BB56872E-2E05-47C2-A5C8-73E109E69C4F}.Ad-Hoc|iPhone.ActiveCfg = Debug|Any CPU
		{BB56872E-2E05-47C2-A5C8-73E109E69C4F}.Ad-Hoc|iPhone.Build.0 = Debug|Any CPU
		{BB56872E-2E05-47C2-A5C8-73E109E69C4F}.Ad-Hoc|iPhoneSimulator.ActiveCfg = Debug|Any CPU
		{BB56872E-2E05-47C2-A5C8-73E109E69C4F}.Ad-Hoc|iPhoneSimulator.Build.0 = Debug|Any CPU
		{BB56872E-2E05-47C2-A5C8-73E109E69C4F}.Ad-Hoc|x64.ActiveCfg = Debug|Any CPU
		{BB56872E-2E05-47C2-A5C8-73E109E69C4F}.Ad-Hoc|x64.Build.0 = Debug|Any CPU
		{BB56872E-2E05-47C2-A5C8-73E109E69C4F}.Ad-Hoc|x86.ActiveCfg = Debug|Any CPU
		{BB56872E-2E05-47C2-A5C8-73E109E69C4F}.Ad-Hoc|x86.Build.0 = Debug|Any CPU
		{BB56872E-2E05-47C2-A5C8-73E109E69C4F}.AppStore|Any CPU.ActiveCfg = Debug|Any CPU
		{BB56872E-2E05-47C2-A5C8-73E109E69C4F}.AppStore|Any CPU.Build.0 = Debug|Any CPU
		{BB56872E-2E05-47C2-A5C8-73E109E69C4F}.AppStore|ARM.ActiveCfg = Debug|Any CPU
		{BB56872E-2E05-47C2-A5C8-73E109E69C4F}.AppStore|ARM.Build.0 = Debug|Any CPU
		{BB56872E-2E05-47C2-A5C8-73E109E69C4F}.AppStore|ARM64.ActiveCfg = Debug|Any CPU
		{BB56872E-2E05-47C2-A5C8-73E109E69C4F}.AppStore|ARM64.Build.0 = Debug|Any CPU
		{BB56872E-2E05-47C2-A5C8-73E109E69C4F}.AppStore|iPhone.ActiveCfg = Debug|Any CPU
		{BB56872E-2E05-47C2-A5C8-73E109E69C4F}.AppStore|iPhone.Build.0 = Debug|Any CPU
		{BB56872E-2E05-47C2-A5C8-73E109E69C4F}.AppStore|iPhoneSimulator.ActiveCfg = Debug|Any CPU
		{BB56872E-2E05-47C2-A5C8-73E109E69C4F}.AppStore|iPhoneSimulator.Build.0 = Debug|Any CPU
		{BB56872E-2E05-47C2-A5C8-73E109E69C4F}.AppStore|x64.ActiveCfg = Debug|Any CPU
		{BB56872E-2E05-47C2-A5C8-73E109E69C4F}.AppStore|x64.Build.0 = Debug|Any CPU
		{BB56872E-2E05-47C2-A5C8-73E109E69C4F}.AppStore|x86.ActiveCfg = Debug|Any CPU
		{BB56872E-2E05-47C2-A5C8-73E109E69C4F}.AppStore|x86.Build.0 = Debug|Any CPU
		{BB56872E-2E05-47C2-A5C8-73E109E69C4F}.Debug|Any CPU.ActiveCfg = Debug|Any CPU
		{BB56872E-2E05-47C2-A5C8-73E109E69C4F}.Debug|Any CPU.Build.0 = Debug|Any CPU
		{BB56872E-2E05-47C2-A5C8-73E109E69C4F}.Debug|ARM.ActiveCfg = Debug|Any CPU
		{BB56872E-2E05-47C2-A5C8-73E109E69C4F}.Debug|ARM.Build.0 = Debug|Any CPU
		{BB56872E-2E05-47C2-A5C8-73E109E69C4F}.Debug|ARM64.ActiveCfg = Debug|Any CPU
		{BB56872E-2E05-47C2-A5C8-73E109E69C4F}.Debug|ARM64.Build.0 = Debug|Any CPU
		{BB56872E-2E05-47C2-A5C8-73E109E69C4F}.Debug|iPhone.ActiveCfg = Debug|Any CPU
		{BB56872E-2E05-47C2-A5C8-73E109E69C4F}.Debug|iPhone.Build.0 = Debug|Any CPU
		{BB56872E-2E05-47C2-A5C8-73E109E69C4F}.Debug|iPhoneSimulator.ActiveCfg = Debug|Any CPU
		{BB56872E-2E05-47C2-A5C8-73E109E69C4F}.Debug|iPhoneSimulator.Build.0 = Debug|Any CPU
		{BB56872E-2E05-47C2-A5C8-73E109E69C4F}.Debug|x64.ActiveCfg = Debug|Any CPU
		{BB56872E-2E05-47C2-A5C8-73E109E69C4F}.Debug|x64.Build.0 = Debug|Any CPU
		{BB56872E-2E05-47C2-A5C8-73E109E69C4F}.Debug|x86.ActiveCfg = Debug|Any CPU
		{BB56872E-2E05-47C2-A5C8-73E109E69C4F}.Debug|x86.Build.0 = Debug|Any CPU
		{BB56872E-2E05-47C2-A5C8-73E109E69C4F}.Release|Any CPU.ActiveCfg = Release|Any CPU
		{BB56872E-2E05-47C2-A5C8-73E109E69C4F}.Release|Any CPU.Build.0 = Release|Any CPU
		{BB56872E-2E05-47C2-A5C8-73E109E69C4F}.Release|ARM.ActiveCfg = Release|Any CPU
		{BB56872E-2E05-47C2-A5C8-73E109E69C4F}.Release|ARM.Build.0 = Release|Any CPU
		{BB56872E-2E05-47C2-A5C8-73E109E69C4F}.Release|ARM64.ActiveCfg = Release|Any CPU
		{BB56872E-2E05-47C2-A5C8-73E109E69C4F}.Release|ARM64.Build.0 = Release|Any CPU
		{BB56872E-2E05-47C2-A5C8-73E109E69C4F}.Release|iPhone.ActiveCfg = Release|Any CPU
		{BB56872E-2E05-47C2-A5C8-73E109E69C4F}.Release|iPhone.Build.0 = Release|Any CPU
		{BB56872E-2E05-47C2-A5C8-73E109E69C4F}.Release|iPhoneSimulator.ActiveCfg = Release|Any CPU
		{BB56872E-2E05-47C2-A5C8-73E109E69C4F}.Release|iPhoneSimulator.Build.0 = Release|Any CPU
		{BB56872E-2E05-47C2-A5C8-73E109E69C4F}.Release|x64.ActiveCfg = Release|Any CPU
		{BB56872E-2E05-47C2-A5C8-73E109E69C4F}.Release|x64.Build.0 = Release|Any CPU
		{BB56872E-2E05-47C2-A5C8-73E109E69C4F}.Release|x86.ActiveCfg = Release|Any CPU
		{BB56872E-2E05-47C2-A5C8-73E109E69C4F}.Release|x86.Build.0 = Release|Any CPU
		{F764D242-01B7-4239-9B4D-117288D4DAA0}.Ad-Hoc|Any CPU.ActiveCfg = Release|iPhoneSimulator
		{F764D242-01B7-4239-9B4D-117288D4DAA0}.Ad-Hoc|Any CPU.Build.0 = Release|iPhoneSimulator
		{F764D242-01B7-4239-9B4D-117288D4DAA0}.Ad-Hoc|ARM.ActiveCfg = Release|iPhoneSimulator
		{F764D242-01B7-4239-9B4D-117288D4DAA0}.Ad-Hoc|ARM.Build.0 = Release|iPhoneSimulator
		{F764D242-01B7-4239-9B4D-117288D4DAA0}.Ad-Hoc|ARM64.ActiveCfg = Release|iPhoneSimulator
		{F764D242-01B7-4239-9B4D-117288D4DAA0}.Ad-Hoc|ARM64.Build.0 = Release|iPhoneSimulator
		{F764D242-01B7-4239-9B4D-117288D4DAA0}.Ad-Hoc|iPhone.ActiveCfg = Release|iPhoneSimulator
		{F764D242-01B7-4239-9B4D-117288D4DAA0}.Ad-Hoc|iPhone.Build.0 = Release|iPhoneSimulator
		{F764D242-01B7-4239-9B4D-117288D4DAA0}.Ad-Hoc|iPhoneSimulator.ActiveCfg = Release|iPhoneSimulator
		{F764D242-01B7-4239-9B4D-117288D4DAA0}.Ad-Hoc|iPhoneSimulator.Build.0 = Release|iPhoneSimulator
		{F764D242-01B7-4239-9B4D-117288D4DAA0}.Ad-Hoc|x64.ActiveCfg = Release|iPhoneSimulator
		{F764D242-01B7-4239-9B4D-117288D4DAA0}.Ad-Hoc|x64.Build.0 = Release|iPhoneSimulator
		{F764D242-01B7-4239-9B4D-117288D4DAA0}.Ad-Hoc|x86.ActiveCfg = Release|iPhoneSimulator
		{F764D242-01B7-4239-9B4D-117288D4DAA0}.Ad-Hoc|x86.Build.0 = Release|iPhoneSimulator
		{F764D242-01B7-4239-9B4D-117288D4DAA0}.AppStore|Any CPU.ActiveCfg = Release|iPhoneSimulator
		{F764D242-01B7-4239-9B4D-117288D4DAA0}.AppStore|Any CPU.Build.0 = Release|iPhoneSimulator
		{F764D242-01B7-4239-9B4D-117288D4DAA0}.AppStore|ARM.ActiveCfg = Release|iPhoneSimulator
		{F764D242-01B7-4239-9B4D-117288D4DAA0}.AppStore|ARM.Build.0 = Release|iPhoneSimulator
		{F764D242-01B7-4239-9B4D-117288D4DAA0}.AppStore|ARM64.ActiveCfg = Release|iPhoneSimulator
		{F764D242-01B7-4239-9B4D-117288D4DAA0}.AppStore|ARM64.Build.0 = Release|iPhoneSimulator
		{F764D242-01B7-4239-9B4D-117288D4DAA0}.AppStore|iPhone.ActiveCfg = Release|iPhoneSimulator
		{F764D242-01B7-4239-9B4D-117288D4DAA0}.AppStore|iPhone.Build.0 = Release|iPhoneSimulator
		{F764D242-01B7-4239-9B4D-117288D4DAA0}.AppStore|iPhoneSimulator.ActiveCfg = Release|iPhoneSimulator
		{F764D242-01B7-4239-9B4D-117288D4DAA0}.AppStore|iPhoneSimulator.Build.0 = Release|iPhoneSimulator
		{F764D242-01B7-4239-9B4D-117288D4DAA0}.AppStore|x64.ActiveCfg = Release|iPhoneSimulator
		{F764D242-01B7-4239-9B4D-117288D4DAA0}.AppStore|x64.Build.0 = Release|iPhoneSimulator
		{F764D242-01B7-4239-9B4D-117288D4DAA0}.AppStore|x86.ActiveCfg = Release|iPhoneSimulator
		{F764D242-01B7-4239-9B4D-117288D4DAA0}.AppStore|x86.Build.0 = Release|iPhoneSimulator
		{F764D242-01B7-4239-9B4D-117288D4DAA0}.Debug|Any CPU.ActiveCfg = Debug|iPhoneSimulator
		{F764D242-01B7-4239-9B4D-117288D4DAA0}.Debug|ARM.ActiveCfg = Debug|iPhoneSimulator
		{F764D242-01B7-4239-9B4D-117288D4DAA0}.Debug|ARM64.ActiveCfg = Debug|iPhoneSimulator
		{F764D242-01B7-4239-9B4D-117288D4DAA0}.Debug|iPhone.ActiveCfg = Debug|iPhoneSimulator
		{F764D242-01B7-4239-9B4D-117288D4DAA0}.Debug|iPhoneSimulator.ActiveCfg = Debug|iPhoneSimulator
		{F764D242-01B7-4239-9B4D-117288D4DAA0}.Debug|iPhoneSimulator.Build.0 = Debug|iPhoneSimulator
		{F764D242-01B7-4239-9B4D-117288D4DAA0}.Debug|x64.ActiveCfg = Debug|iPhoneSimulator
		{F764D242-01B7-4239-9B4D-117288D4DAA0}.Debug|x86.ActiveCfg = Debug|iPhoneSimulator
		{F764D242-01B7-4239-9B4D-117288D4DAA0}.Release|Any CPU.ActiveCfg = Release|iPhoneSimulator
		{F764D242-01B7-4239-9B4D-117288D4DAA0}.Release|ARM.ActiveCfg = Release|iPhoneSimulator
		{F764D242-01B7-4239-9B4D-117288D4DAA0}.Release|ARM64.ActiveCfg = Release|iPhoneSimulator
		{F764D242-01B7-4239-9B4D-117288D4DAA0}.Release|iPhone.ActiveCfg = Release|iPhoneSimulator
		{F764D242-01B7-4239-9B4D-117288D4DAA0}.Release|iPhoneSimulator.ActiveCfg = Release|iPhoneSimulator
		{F764D242-01B7-4239-9B4D-117288D4DAA0}.Release|iPhoneSimulator.Build.0 = Release|iPhoneSimulator
		{F764D242-01B7-4239-9B4D-117288D4DAA0}.Release|x64.ActiveCfg = Release|iPhoneSimulator
		{F764D242-01B7-4239-9B4D-117288D4DAA0}.Release|x86.ActiveCfg = Release|iPhoneSimulator
	EndGlobalSection
	GlobalSection(SolutionProperties) = preSolution
		HideSolutionNode = FALSE
	EndGlobalSection
	GlobalSection(ExtensibilityGlobals) = postSolution
		SolutionGuid = {EB326B2E-6636-40B4-A200-2E3B307475FB}
	EndGlobalSection
EndGlobal
